
Microsoft Visual Studio Solution File, Format Version 12.00
# Visual Studio 14
VisualStudioVersion = 14.0.25123.0
MinimumVisualStudioVersion = 10.0.40219.1
Project("{FAE04EC0-301F-11D3-BF4B-00C04F79EFBC}") = "QlikBot", "QlikBot\QlikBot.csproj", "{0B971928-DD61-4E7E-92F7-91D33B46E634}"
EndProject
Project("{FAE04EC0-301F-11D3-BF4B-00C04F79EFBC}") = "QlikNLP", "QlikNLP\QlikNLP.csproj", "{B8AF0F27-97C8-4C45-BCA7-62679B96518B}"
EndProject
Project("{FAE04EC0-301F-11D3-BF4B-00C04F79EFBC}") = "QlikTelegram", "QlikTelegram\QlikTelegram.csproj", "{11455E52-F3E0-4092-B544-E87EB883F575}"
EndProject
Project("{FAE04EC0-301F-11D3-BF4B-00C04F79EFBC}") = "QlikConversationService", "QlikLanguageParsing\QlikConversationService.csproj", "{4A6D9596-EF64-4678-B485-88FC171CB9CD}"
EndProject
Project("{FAE04EC0-301F-11D3-BF4B-00C04F79EFBC}") = "QlikLog", "QlikLog\QlikLog.csproj", "{56D9F106-7E2F-48DB-A0B8-11AA45C47E38}"
EndProject
Project("{FAE04EC0-301F-11D3-BF4B-00C04F79EFBC}") = "QlikSenseEasy", "QlikSenseEasy\QlikSenseEasy.csproj", "{C9EF01F7-471C-457D-8651-205D19ABF72D}"
EndProject
Global
	GlobalSection(SolutionConfigurationPlatforms) = preSolution
		Debug|Any CPU = Debug|Any CPU
		Release|Any CPU = Release|Any CPU
	EndGlobalSection
	GlobalSection(ProjectConfigurationPlatforms) = postSolution
		{0B971928-DD61-4E7E-92F7-91D33B46E634}.Debug|Any CPU.ActiveCfg = Debug|Any CPU
		{0B971928-DD61-4E7E-92F7-91D33B46E634}.Debug|Any CPU.Build.0 = Debug|Any CPU
		{0B971928-DD61-4E7E-92F7-91D33B46E634}.Release|Any CPU.ActiveCfg = Release|Any CPU
		{0B971928-DD61-4E7E-92F7-91D33B46E634}.Release|Any CPU.Build.0 = Release|Any CPU
		{B8AF0F27-97C8-4C45-BCA7-62679B96518B}.Debug|Any CPU.ActiveCfg = Debug|Any CPU
		{B8AF0F27-97C8-4C45-BCA7-62679B96518B}.Debug|Any CPU.Build.0 = Debug|Any CPU
		{B8AF0F27-97C8-4C45-BCA7-62679B96518B}.Release|Any CPU.ActiveCfg = Release|Any CPU
		{B8AF0F27-97C8-4C45-BCA7-62679B96518B}.Release|Any CPU.Build.0 = Release|Any CPU
		{11455E52-F3E0-4092-B544-E87EB883F575}.Debug|Any CPU.ActiveCfg = Debug|Any CPU
		{11455E52-F3E0-4092-B544-E87EB883F575}.Debug|Any CPU.Build.0 = Debug|Any CPU
		{11455E52-F3E0-4092-B544-E87EB883F575}.Release|Any CPU.ActiveCfg = Release|Any CPU
		{11455E52-F3E0-4092-B544-E87EB883F575}.Release|Any CPU.Build.0 = Release|Any CPU
		{4A6D9596-EF64-4678-B485-88FC171CB9CD}.Debug|Any CPU.ActiveCfg = Debug|Any CPU
		{4A6D9596-EF64-4678-B485-88FC171CB9CD}.Debug|Any CPU.Build.0 = Debug|Any CPU
		{4A6D9596-EF64-4678-B485-88FC171CB9CD}.Release|Any CPU.ActiveCfg = Release|Any CPU
		{4A6D9596-EF64-4678-B485-88FC171CB9CD}.Release|Any CPU.Build.0 = Release|Any CPU
		{56D9F106-7E2F-48DB-A0B8-11AA45C47E38}.Debug|Any CPU.ActiveCfg = Debug|Any CPU
		{56D9F106-7E2F-48DB-A0B8-11AA45C47E38}.Debug|Any CPU.Build.0 = Debug|Any CPU
		{56D9F106-7E2F-48DB-A0B8-11AA45C47E38}.Release|Any CPU.ActiveCfg = Release|Any CPU
		{56D9F106-7E2F-48DB-A0B8-11AA45C47E38}.Release|Any CPU.Build.0 = Release|Any CPU
		{C9EF01F7-471C-457D-8651-205D19ABF72D}.Debug|Any CPU.ActiveCfg = Debug|Any CPU
		{C9EF01F7-471C-457D-8651-205D19ABF72D}.Debug|Any CPU.Build.0 = Debug|Any CPU
		{C9EF01F7-471C-457D-8651-205D19ABF72D}.Release|Any CPU.ActiveCfg = Release|Any CPU
		{C9EF01F7-471C-457D-8651-205D19ABF72D}.Release|Any CPU.Build.0 = Release|Any CPU
	EndGlobalSection
	GlobalSection(SolutionProperties) = preSolution
		HideSolutionNode = FALSE
	EndGlobalSection
EndGlobal
